lockfile_version: '1'
generated_at: '2026-06-27T03:15:27.718559+00:00'
apm_version: 0.21.0
dependencies:
- repo_url: mattpocock/skills
  host: github.com
  resolved_commit: 5d78bd0903420f97c791f834201e550c765699f8
  package_type: marketplace_plugin
  deployed_files:
  - .agents/skills/ask-matt
  - .agents/skills/ask-matt/SKILL.md
  - .agents/skills/domain-modeling
  - .agents/skills/domain-modeling/ADR-FORMAT.md
  - .agents/skills/domain-modeling/CONTEXT-FORMAT.md
  - .agents/skills/domain-modeling/SKILL.md
  - .agents/skills/grill-me
  - .agents/skills/grill-me/SKILL.md
  - .agents/skills/grill-with-docs
  - .agents/skills/grill-with-docs/SKILL.md
  - .agents/skills/grilling
  - .agents/skills/grilling/SKILL.md
  - .agents/skills/setup-matt-pocock-skills
  - .agents/skills/setup-matt-pocock-skills/SKILL.md
  - .agents/skills/setup-matt-pocock-skills/domain.md
  - .agents/skills/setup-matt-pocock-skills/issue-tracker-github.md
  - .agents/skills/setup-matt-pocock-skills/issue-tracker-gitlab.md
  - .agents/skills/setup-matt-pocock-skills/issue-tracker-local.md
  - .agents/skills/setup-matt-pocock-skills/triage-labels.md
  - .agents/skills/to-prd
  - .agents/skills/to-prd/SKILL.md
  deployed_file_hashes:
    .agents/skills/ask-matt/SKILL.md: sha256:fb534e029b0b4a27188f62e3839ab027c69e025915229c4524693eb1edcbb64d
    .agents/skills/domain-modeling/ADR-FORMAT.md: sha256:f1f36cd3f8d3b6474ddd5855da4e233bfc4ae1a1c5024909ccf11871819a41b2
    .agents/skills/domain-modeling/CONTEXT-FORMAT.md: sha256:b8cc318f2a4285b530e908b6bc43901c3c5cd11100362636bbc4216639bef597
    .agents/skills/domain-modeling/SKILL.md: sha256:152e2c97239affb12a60c5f4a7e74ab546a49ae169688c81f4e2ccc42dafa579
    .agents/skills/grill-me/SKILL.md: sha256:6189dfceb7304a6e5558f75d87e68fa3bc7fcf7ba120e44f21f8a61fe01eba54
    .agents/skills/grill-with-docs/SKILL.md: sha256:610d091047bcfb9db0f75c057d15538481a721111579fc5ec7f83ad9131a2165
    .agents/skills/grilling/SKILL.md: sha256:fe00af3e1815f97c0a7644605479328a726b5cd95ba6ef56a4be2a92fae6c20f
    .agents/skills/setup-matt-pocock-skills/SKILL.md: sha256:a85441f31decd5705ade6b526206d60be129dbe926251c67213fe1649da5f197
    .agents/skills/setup-matt-pocock-skills/domain.md: sha256:25be404b58798b3cb2d51c93dba2ab052fc3a425632185726ac3f5fcff193b99
    .agents/skills/setup-matt-pocock-skills/issue-tracker-github.md: sha256:1e7ac76d3dd7f0ce41d6bf86912619a4bac164a70c6e246ae48f6825e222d56d
    .agents/skills/setup-matt-pocock-skills/issue-tracker-gitlab.md: sha256:6282954685bf55b7da7fad9f45dc4226d39e498ebaee1e06372708033fa40a09
    .agents/skills/setup-matt-pocock-skills/issue-tracker-local.md: sha256:9a052f4599525e581721ec24cb2ae3e0296b79053e39f684b540d34d3a4f6528
    .agents/skills/setup-matt-pocock-skills/triage-labels.md: sha256:4f53c9b40ce2651e3611aa090eaedbd6dbc9b71ef8c5f7e65eac0d8263190d0d
    .agents/skills/to-prd/SKILL.md: sha256:db7e7188ac4fd47f4925ae6550e0233365b3b05be40f45235ab3a0a6b0165156
  content_hash: sha256:64d7882d379c5346447fb7cc85460efa5bddd9dc59a5ecc1bfe0ca98dca51f34
  skill_subset:
  - ask-matt
  - domain-modeling
  - grill-me
  - grill-with-docs
  - grilling
  - implement
  - setup-matt-pocock-skills
  - to-prd
