lockfile_version: '1'
generated_at: '2026-06-27T02:46:14.998229+00:00'
apm_version: 0.21.0
dependencies:
- repo_url: mattpocock/skills
  host: github.com
  resolved_commit: 5d78bd0903420f97c791f834201e550c765699f8
  package_type: marketplace_plugin
  deployed_files:
  - .agents/skills/domain-modeling
  - .agents/skills/domain-modeling/ADR-FORMAT.md
  - .agents/skills/domain-modeling/CONTEXT-FORMAT.md
  - .agents/skills/domain-modeling/SKILL.md
  - .agents/skills/grill-me
  - .agents/skills/grill-me/SKILL.md
  - .agents/skills/grill-with-docs
  - .agents/skills/grill-with-docs/SKILL.md
  - .agents/skills/grilling
  - .agents/skills/grilling/SKILL.md
  deployed_file_hashes:
    .agents/skills/domain-modeling/ADR-FORMAT.md: sha256:f1f36cd3f8d3b6474ddd5855da4e233bfc4ae1a1c5024909ccf11871819a41b2
    .agents/skills/domain-modeling/CONTEXT-FORMAT.md: sha256:b8cc318f2a4285b530e908b6bc43901c3c5cd11100362636bbc4216639bef597
    .agents/skills/domain-modeling/SKILL.md: sha256:152e2c97239affb12a60c5f4a7e74ab546a49ae169688c81f4e2ccc42dafa579
    .agents/skills/grill-me/SKILL.md: sha256:6189dfceb7304a6e5558f75d87e68fa3bc7fcf7ba120e44f21f8a61fe01eba54
    .agents/skills/grill-with-docs/SKILL.md: sha256:610d091047bcfb9db0f75c057d15538481a721111579fc5ec7f83ad9131a2165
    .agents/skills/grilling/SKILL.md: sha256:fe00af3e1815f97c0a7644605479328a726b5cd95ba6ef56a4be2a92fae6c20f
  content_hash: sha256:64d7882d379c5346447fb7cc85460efa5bddd9dc59a5ecc1bfe0ca98dca51f34
  skill_subset:
  - domain-modeling
  - grill-me
  - grill-with-docs
  - grilling
